// !$*UTF8*$!
{
	archiveVersion = 1;
	classes = {
	};
	objectVersion = 46;
	objects = {

/* Begin PBXBuildFile section */
		7202CE211C6C3BA100C50257 /* Review.swift in Sources */ = {isa = PBXBuildFile; fileRef = 7202CE201C6C3BA100C50257 /* Review.swift */; };
		7202CE231C6C3D5500C50257 /* ReviewsTableViewController.swift in Sources */ = {isa = PBXBuildFile; fileRef = 7202CE221C6C3D5500C50257 /* ReviewsTableViewController.swift */; };
		7202CE251C6C3D6800C50257 /* ReviewTableViewCell.swift in Sources */ = {isa = PBXBuildFile; fileRef = 7202CE241C6C3D6800C50257 /* ReviewTableViewCell.swift */; };
		721AD5F41C698E7B003768B7 /* AppDelegate.swift in Sources */ = {isa = PBXBuildFile; fileRef = 721AD5F31C698E7B003768B7 /* AppDelegate.swift */; };
		721AD5F91C698E7B003768B7 /* Main.storyboard in Resources */ = {isa = PBXBuildFile; fileRef = 721AD5F71C698E7B003768B7 /* Main.storyboard */; };
		721AD5FB1C698E7B003768B7 /* Assets.xcassets in Resources */ = {isa = PBXBuildFile; fileRef = 721AD5FA1C698E7B003768B7 /* Assets.xcassets */; };
		721AD5FE1C698E7B003768B7 /* LaunchScreen.storyboard in Resources */ = {isa = PBXBuildFile; fileRef = 721AD5FC1C698E7B003768B7 /* LaunchScreen.storyboard */; };
		721AD6061C699061003768B7 /* LoginViewController.swift in Sources */ = {isa = PBXBuildFile; fileRef = 721AD6051C699061003768B7 /* LoginViewController.swift */; };
		721AD60C1C6A0643003768B7 /* MyTripsTableViewController.swift in Sources */ = {isa = PBXBuildFile; fileRef = 721AD60B1C6A0643003768B7 /* MyTripsTableViewController.swift */; };
		721AD60E1C6A065A003768B7 /* BookATripTableViewController.swift in Sources */ = {isa = PBXBuildFile; fileRef = 721AD60D1C6A065A003768B7 /* BookATripTableViewController.swift */; };
		721AD6101C6A4B28003768B7 /* TourTableViewCell.swift in Sources */ = {isa = PBXBuildFile; fileRef = 721AD60F1C6A4B28003768B7 /* TourTableViewCell.swift */; };
		721AD6121C6A4B4E003768B7 /* ChooseTourTableViewController.swift in Sources */ = {isa = PBXBuildFile; fileRef = 721AD6111C6A4B4E003768B7 /* ChooseTourTableViewController.swift */; };
		721AD6141C6A4B61003768B7 /* Tour.swift in Sources */ = {isa = PBXBuildFile; fileRef = 721AD6131C6A4B61003768B7 /* Tour.swift */; };
		721AD6161C6A4BB0003768B7 /* TourDetailsViewController.swift in Sources */ = {isa = PBXBuildFile; fileRef = 721AD6151C6A4BB0003768B7 /* TourDetailsViewController.swift */; };
		721AD6181C6A61B1003768B7 /* Destination.swift in Sources */ = {isa = PBXBuildFile; fileRef = 721AD6171C6A61B1003768B7 /* Destination.swift */; };
		721AD61A1C6AD300003768B7 /* SelectDatesViewController.swift in Sources */ = {isa = PBXBuildFile; fileRef = 721AD6191C6AD300003768B7 /* SelectDatesViewController.swift */; };
		721AD61C1C6ADCE0003768B7 /* DestinationTableViewCell.swift in Sources */ = {isa = PBXBuildFile; fileRef = 721AD61B1C6ADCE0003768B7 /* DestinationTableViewCell.swift */; };
		7272C1441C6C2D8F00D42EC6 /* BuyNowViewController.swift in Sources */ = {isa = PBXBuildFile; fileRef = 7272C1431C6C2D8F00D42EC6 /* BuyNowViewController.swift */; };
		7272C1461C6C304300D42EC6 /* Person.swift in Sources */ = {isa = PBXBuildFile; fileRef = 7272C1451C6C304300D42EC6 /* Person.swift */; };
		7272C1481C6C306F00D42EC6 /* GuestTableViewCell.swift in Sources */ = {isa = PBXBuildFile; fileRef = 7272C1471C6C306F00D42EC6 /* GuestTableViewCell.swift */; };
/* End PBXBuildFile section */

/* Begin PBXFileReference section */
		7202CE201C6C3BA100C50257 /* Review.swift */ = {isa = PBXFileReference; fileEncoding = 4; lastKnownFileType = sourcecode.swift; path = Review.swift; sourceTree = "<group>"; };
		7202CE221C6C3D5500C50257 /* ReviewsTableViewController.swift */ = {isa = PBXFileReference; fileEncoding = 4; lastKnownFileType = sourcecode.swift; path = ReviewsTableViewController.swift; sourceTree = "<group>"; };
		7202CE241C6C3D6800C50257 /* ReviewTableViewCell.swift */ = {isa = PBXFileReference; fileEncoding = 4; lastKnownFileType = sourcecode.swift; path = ReviewTableViewCell.swift; sourceTree = "<group>"; };
		721AD5F01C698E7B003768B7 /* Roamer.app */ = {isa = PBXFileReference; explicitFileType = wrapper.application; includeInIndex = 0; path = Roamer.app; sourceTree = BUILT_PRODUCTS_DIR; };
		721AD5F31C698E7B003768B7 /* AppDelegate.swift */ = {isa = PBXFileReference; lastKnownFileType = sourcecode.swift; path = AppDelegate.swift; sourceTree = "<group>"; };
		721AD5F81C698E7B003768B7 /* Base */ = {isa = PBXFileReference; lastKnownFileType = file.storyboard; name = Base; path = Base.lproj/Main.storyboard; sourceTree = "<group>"; };
		721AD5FA1C698E7B003768B7 /* Assets.xcassets */ = {isa = PBXFileReference; lastKnownFileType = folder.assetcatalog; path = Assets.xcassets; sourceTree = "<group>"; };
		721AD5FD1C698E7B003768B7 /* Base */ = {isa = PBXFileReference; lastKnownFileType = file.storyboard; name = Base; path = Base.lproj/LaunchScreen.storyboard; sourceTree = "<group>"; };
		721AD5FF1C698E7B003768B7 /* Info.plist */ = {isa = PBXFileReference; lastKnownFileType = text.plist.xml; path = Info.plist; sourceTree = "<group>"; };
		721AD6051C699061003768B7 /* LoginViewController.swift */ = {isa = PBXFileReference; fileEncoding = 4; lastKnownFileType = sourcecode.swift; path = LoginViewController.swift; sourceTree = "<group>"; };
		721AD60B1C6A0643003768B7 /* MyTripsTableViewController.swift */ = {isa = PBXFileReference; fileEncoding = 4; lastKnownFileType = sourcecode.swift; path = MyTripsTableViewController.swift; sourceTree = "<group>"; };
		721AD60D1C6A065A003768B7 /* BookATripTableViewController.swift */ = {isa = PBXFileReference; fileEncoding = 4; lastKnownFileType = sourcecode.swift; path = BookATripTableViewController.swift; sourceTree = "<group>"; };
		721AD60F1C6A4B28003768B7 /* TourTableViewCell.swift */ = {isa = PBXFileReference; fileEncoding = 4; lastKnownFileType = sourcecode.swift; path = TourTableViewCell.swift; sourceTree = "<group>"; };
		721AD6111C6A4B4E003768B7 /* ChooseTourTableViewController.swift */ = {isa = PBXFileReference; fileEncoding = 4; lastKnownFileType = sourcecode.swift; path = ChooseTourTableViewController.swift; sourceTree = "<group>"; };
		721AD6131C6A4B61003768B7 /* Tour.swift */ = {isa = PBXFileReference; fileEncoding = 4; lastKnownFileType = sourcecode.swift; path = Tour.swift; sourceTree = "<group>"; };
		721AD6151C6A4BB0003768B7 /* TourDetailsViewController.swift */ = {isa = PBXFileReference; fileEncoding = 4; lastKnownFileType = sourcecode.swift; path = TourDetailsViewController.swift; sourceTree = "<group>"; };
		721AD6171C6A61B1003768B7 /* Destination.swift */ = {isa = PBXFileReference; fileEncoding = 4; lastKnownFileType = sourcecode.swift; path = Destination.swift; sourceTree = "<group>"; };
		721AD6191C6AD300003768B7 /* SelectDatesViewController.swift */ = {isa = PBXFileReference; fileEncoding = 4; lastKnownFileType = sourcecode.swift; path = SelectDatesViewController.swift; sourceTree = "<group>"; };
		721AD61B1C6ADCE0003768B7 /* DestinationTableViewCell.swift */ = {isa = PBXFileReference; fileEncoding = 4; lastKnownFileType = sourcecode.swift; path = DestinationTableViewCell.swift; sourceTree = "<group>"; };
		7272C1431C6C2D8F00D42EC6 /* BuyNowViewController.swift */ = {isa = PBXFileReference; fileEncoding = 4; lastKnownFileType = sourcecode.swift; path = BuyNowViewController.swift; sourceTree = "<group>"; };
		7272C1451C6C304300D42EC6 /* Person.swift */ = {isa = PBXFileReference; fileEncoding = 4; lastKnownFileType = sourcecode.swift; path = Person.swift; sourceTree = "<group>"; };
		7272C1471C6C306F00D42EC6 /* GuestTableViewCell.swift */ = {isa = PBXFileReference; fileEncoding = 4; lastKnownFileType = sourcecode.swift; path = GuestTableViewCell.swift; sourceTree = "<group>"; };
/* End PBXFileReference section */

/* Begin PBXFrameworksBuildPhase section */
		721AD5ED1C698E7B003768B7 /* Frameworks */ = {
			isa = PBXFrameworksBuildPhase;
			buildActionMask = 2147483647;
			files = (
			);
			runOnlyForDeploymentPostprocessing = 0;
		};
/* End PBXFrameworksBuildPhase section */

/* Begin PBXGroup section */
		721AD5E71C698E7B003768B7 = {
			isa = PBXGroup;
			children = (
				721AD5F21C698E7B003768B7 /* Roamer */,
				721AD5F11C698E7B003768B7 /* Products */,
			);
			sourceTree = "<group>";
		};
		721AD5F11C698E7B003768B7 /* Products */ = {
			isa = PBXGroup;
			children = (
				721AD5F01C698E7B003768B7 /* Roamer.app */,
			);
			name = Products;
			sourceTree = "<group>";
		};
		721AD5F21C698E7B003768B7 /* Roamer */ = {
			isa = PBXGroup;
			children = (
				721AD6081C699073003768B7 /* Other */,
				721AD60A1C699089003768B7 /* Model */,
				721AD6091C699080003768B7 /* View */,
				721AD6071C699066003768B7 /* ViewControllers */,
			);
			path = Roamer;
			sourceTree = "<group>";
		};
		721AD6071C699066003768B7 /* ViewControllers */ = {
			isa = PBXGroup;
			children = (
				7202CE221C6C3D5500C50257 /* ReviewsTableViewController.swift */,
				7272C1431C6C2D8F00D42EC6 /* BuyNowViewController.swift */,
				721AD6191C6AD300003768B7 /* SelectDatesViewController.swift */,
				721AD6151C6A4BB0003768B7 /* TourDetailsViewController.swift */,
				721AD6111C6A4B4E003768B7 /* ChooseTourTableViewController.swift */,
				721AD60D1C6A065A003768B7 /* BookATripTableViewController.swift */,
				721AD60B1C6A0643003768B7 /* MyTripsTableViewController.swift */,
				721AD6051C699061003768B7 /* LoginViewController.swift */,
			);
			name = ViewControllers;
			sourceTree = "<group>";
		};
		721AD6081C699073003768B7 /* Other */ = {
			isa = PBXGroup;
			children = (
				721AD5F31C698E7B003768B7 /* AppDelegate.swift */,
				721AD5FA1C698E7B003768B7 /* Assets.xcassets */,
				721AD5FC1C698E7B003768B7 /* LaunchScreen.storyboard */,
				721AD5FF1C698E7B003768B7 /* Info.plist */,
			);
			name = Other;
			sourceTree = "<group>";
		};
		721AD6091C699080003768B7 /* View */ = {
			isa = PBXGroup;
			children = (
				7202CE241C6C3D6800C50257 /* ReviewTableViewCell.swift */,
				7272C1471C6C306F00D42EC6 /* GuestTableViewCell.swift */,
				7202CE201C6C3BA100C50257 /* Review.swift */,
				721AD5F71C698E7B003768B7 /* Main.storyboard */,
				721AD61B1C6ADCE0003768B7 /* DestinationTableViewCell.swift */,
				721AD60F1C6A4B28003768B7 /* TourTableViewCell.swift */,
			);
			name = View;
			sourceTree = "<group>";
		};
		721AD60A1C699089003768B7 /* Model */ = {
			isa = PBXGroup;
			children = (
				7272C1451C6C304300D42EC6 /* Person.swift */,
				721AD6131C6A4B61003768B7 /* Tour.swift */,
				721AD6171C6A61B1003768B7 /* Destination.swift */,
			);
			name = Model;
			sourceTree = "<group>";
		};
/* End PBXGroup section */

/* Begin PBXNativeTarget section */
		721AD5EF1C698E7B003768B7 /* Roamer */ = {
			isa = PBXNativeTarget;
			buildConfigurationList = 721AD6021C698E7B003768B7 /* Build configuration list for PBXNativeTarget "Roamer" */;
			buildPhases = (
				721AD5EC1C698E7B003768B7 /* Sources */,
				721AD5ED1C698E7B003768B7 /* Frameworks */,
				721AD5EE1C698E7B003768B7 /* Resources */,
			);
			buildRules = (
			);
			dependencies = (
			);
			name = Roamer;
			productName = Roamer;
			productReference = 721AD5F01C698E7B003768B7 /* Roamer.app */;
			productType = "com.apple.product-type.application";
		};
/* End PBXNativeTarget section */

/* Begin PBXProject section */
		721AD5E81C698E7B003768B7 /* Project object */ = {
			isa = PBXProject;
			attributes = {
				LastSwiftUpdateCheck = 0720;
				LastUpgradeCheck = 0720;
				ORGANIZATIONNAME = "Infinite Donuts";
				TargetAttributes = {
					721AD5EF1C698E7B003768B7 = {
						CreatedOnToolsVersion = 7.2;
						DevelopmentTeam = 9JAGGHFU7E;
					};
				};
			};
			buildConfigurationList = 721AD5EB1C698E7B003768B7 /* Build configuration list for PBXProject "Roamer" */;
			compatibilityVersion = "Xcode 3.2";
			developmentRegion = English;
			hasScannedForEncodings = 0;
			knownRegions = (
				en,
				Base,
			);
			mainGroup = 721AD5E71C698E7B003768B7;
			productRefGroup = 721AD5F11C698E7B003768B7 /* Products */;
			projectDirPath = "";
			projectRoot = "";
			targets = (
				721AD5EF1C698E7B003768B7 /* Roamer */,
			);
		};
/* End PBXProject section */

/* Begin PBXResourcesBuildPhase section */
		721AD5EE1C698E7B003768B7 /* Resources */ = {
			isa = PBXResourcesBuildPhase;
			buildActionMask = 2147483647;
			files = (
				721AD5FE1C698E7B003768B7 /* LaunchScreen.storyboard in Resources */,
				721AD5FB1C698E7B003768B7 /* Assets.xcassets in Resources */,
				721AD5F91C698E7B003768B7 /* Main.storyboard in Resources */,
			);
			runOnlyForDeploymentPostprocessing = 0;
		};
/* End PBXResourcesBuildPhase section */

/* Begin PBXSourcesBuildPhase section */
		721AD5EC1C698E7B003768B7 /* Sources */ = {
			isa = PBXSourcesBuildPhase;
			buildActionMask = 2147483647;
			files = (
				721AD6141C6A4B61003768B7 /* Tour.swift in Sources */,
				721AD6161C6A4BB0003768B7 /* TourDetailsViewController.swift in Sources */,
				721AD60C1C6A0643003768B7 /* MyTripsTableViewController.swift in Sources */,
				721AD6061C699061003768B7 /* LoginViewController.swift in Sources */,
				721AD6121C6A4B4E003768B7 /* ChooseTourTableViewController.swift in Sources */,
				7202CE211C6C3BA100C50257 /* Review.swift in Sources */,
				721AD6181C6A61B1003768B7 /* Destination.swift in Sources */,
				7272C1481C6C306F00D42EC6 /* GuestTableViewCell.swift in Sources */,
				721AD5F41C698E7B003768B7 /* AppDelegate.swift in Sources */,
				721AD60E1C6A065A003768B7 /* BookATripTableViewController.swift in Sources */,
				7272C1441C6C2D8F00D42EC6 /* BuyNowViewController.swift in Sources */,
				721AD61A1C6AD300003768B7 /* SelectDatesViewController.swift in Sources */,
				7272C1461C6C304300D42EC6 /* Person.swift in Sources */,
				721AD6101C6A4B28003768B7 /* TourTableViewCell.swift in Sources */,
				7202CE251C6C3D6800C50257 /* ReviewTableViewCell.swift in Sources */,
				7202CE231C6C3D5500C50257 /* ReviewsTableViewController.swift in Sources */,
				721AD61C1C6ADCE0003768B7 /* DestinationTableViewCell.swift in Sources */,
			);
			runOnlyForDeploymentPostprocessing = 0;
		};
/* End PBXSourcesBuildPhase section */

/* Begin PBXVariantGroup section */
		721AD5F71C698E7B003768B7 /* Main.storyboard */ = {
			isa = PBXVariantGroup;
			children = (
				721AD5F81C698E7B003768B7 /* Base */,
			);
			name = Main.storyboard;
			sourceTree = "<group>";
		};
		721AD5FC1C698E7B003768B7 /* LaunchScreen.storyboard */ = {
			isa = PBXVariantGroup;
			children = (
				721AD5FD1C698E7B003768B7 /* Base */,
			);
			name = LaunchScreen.storyboard;
			sourceTree = "<group>";
		};
/* End PBXVariantGroup section */

/* Begin XCBuildConfiguration section */
		721AD6001C698E7B003768B7 /* Debug */ = {
			isa = XCBuildConfiguration;
			buildSettings = {
				ALWAYS_SEARCH_USER_PATHS = NO;
				CLANG_CXX_LANGUAGE_STANDARD = "gnu++0x";
				CLANG_CXX_LIBRARY = "libc++";
				CLANG_ENABLE_MODULES = YES;
				CLANG_ENABLE_OBJC_ARC = YES;
				CLANG_WARN_BOOL_CONVERSION = YES;
				CLANG_WARN_CONSTANT_CONVERSION = YES;
				CLANG_WARN_DIRECT_OBJC_ISA_USAGE = YES_ERROR;
				CLANG_WARN_EMPTY_BODY = YES;
				CLANG_WARN_ENUM_CONVERSION = YES;
				CLANG_WARN_INT_CONVERSION = YES;
				CLANG_WARN_OBJC_ROOT_CLASS = YES_ERROR;
				CLANG_WARN_UNREACHABLE_CODE = YES;
				CLANG_WARN__DUPLICATE_METHOD_MATCH = YES;
				"CODE_SIGN_IDENTITY[sdk=iphoneos*]" = "iPhone Developer";
				COPY_PHASE_STRIP = NO;
				DEBUG_INFORMATION_FORMAT = dwarf;
				ENABLE_STRICT_OBJC_MSGSEND = YES;
				ENABLE_TESTABILITY = YES;
				GCC_C_LANGUAGE_STANDARD = gnu99;
				GCC_DYNAMIC_NO_PIC = NO;
				GCC_NO_COMMON_BLOCKS = YES;
				GCC_OPTIMIZATION_LEVEL = 0;
				GCC_PREPROCESSOR_DEFINITIONS = (
					"DEBUG=1",
					"$(inherited)",
				);
				GCC_WARN_64_TO_32_BIT_CONVERSION = YES;
				GCC_WARN_ABOUT_RETURN_TYPE = YES_ERROR;
				GCC_WARN_UNDECLARED_SELECTOR = YES;
				GCC_WARN_UNINITIALIZED_AUTOS = YES_AGGRESSIVE;
				GCC_WARN_UNUSED_FUNCTION = YES;
				GCC_WARN_UNUSED_VARIABLE = YES;
				IPHONEOS_DEPLOYMENT_TARGET = 9.2;
				MTL_ENABLE_DEBUG_INFO = YES;
				ONLY_ACTIVE_ARCH = YES;
				SDKROOT = iphoneos;
				SWIFT_OPTIMIZATION_LEVEL = "-Onone";
				TARGETED_DEVICE_FAMILY = "1,2";
			};
			name = Debug;
		};
		721AD6011C698E7B003768B7 /* Release */ = {
			isa = XCBuildConfiguration;
			buildSettings = {
				ALWAYS_SEARCH_USER_PATHS = NO;
				CLANG_CXX_LANGUAGE_STANDARD = "gnu++0x";
				CLANG_CXX_LIBRARY = "libc++";
				CLANG_ENABLE_MODULES = YES;
				CLANG_ENABLE_OBJC_ARC = YES;
				CLANG_WARN_BOOL_CONVERSION = YES;
				CLANG_WARN_CONSTANT_CONVERSION = YES;
				CLANG_WARN_DIRECT_OBJC_ISA_USAGE = YES_ERROR;
				CLANG_WARN_EMPTY_BODY = YES;
				CLANG_WARN_ENUM_CONVERSION = YES;
				CLANG_WARN_INT_CONVERSION = YES;
				CLANG_WARN_OBJC_ROOT_CLASS = YES_ERROR;
				CLANG_WARN_UNREACHABLE_CODE = YES;
				CLANG_WARN__DUPLICATE_METHOD_MATCH = YES;
				"CODE_SIGN_IDENTITY[sdk=iphoneos*]" = "iPhone Developer";
				COPY_PHASE_STRIP = NO;
				DEBUG_INFORMATION_FORMAT = "dwarf-with-dsym";
				ENABLE_NS_ASSERTIONS = NO;
				ENABLE_STRICT_OBJC_MSGSEND = YES;
				GCC_C_LANGUAGE_STANDARD = gnu99;
				GCC_NO_COMMON_BLOCKS = YES;
				GCC_WARN_64_TO_32_BIT_CONVERSION = YES;
				GCC_WARN_ABOUT_RETURN_TYPE = YES_ERROR;
				GCC_WARN_UNDECLARED_SELECTOR = YES;
				GCC_WARN_UNINITIALIZED_AUTOS = YES_AGGRESSIVE;
				GCC_WARN_UNUSED_FUNCTION = YES;
				GCC_WARN_UNUSED_VARIABLE = YES;
				IPHONEOS_DEPLOYMENT_TARGET = 9.2;
				MTL_ENABLE_DEBUG_INFO = NO;
				SDKROOT = iphoneos;
				TARGETED_DEVICE_FAMILY = "1,2";
				VALIDATE_PRODUCT = YES;
			};
			name = Release;
		};
		721AD6031C698E7B003768B7 /* Debug */ = {
			isa = XCBuildConfiguration;
			buildSettings = {
				ASSETCATALOG_COMPILER_APPICON_NAME = AppIcon;
				INFOPLIST_FILE = Roamer/Info.plist;
				LD_RUNPATH_SEARCH_PATHS = "$(inherited) @executable_path/Frameworks";
				PRODUCT_BUNDLE_IDENTIFIER = com.infinitedonuts.Roamer;
				PRODUCT_NAME = "$(TARGET_NAME)";
			};
			name = Debug;
		};
		721AD6041C698E7B003768B7 /* Release */ = {
			isa = XCBuildConfiguration;
			buildSettings = {
				ASSETCATALOG_COMPILER_APPICON_NAME = AppIcon;
				INFOPLIST_FILE = Roamer/Info.plist;
				LD_RUNPATH_SEARCH_PATHS = "$(inherited) @executable_path/Frameworks";
				PRODUCT_BUNDLE_IDENTIFIER = com.infinitedonuts.Roamer;
				PRODUCT_NAME = "$(TARGET_NAME)";
			};
			name = Release;
		};
/* End XCBuildConfiguration section */

/* Begin XCConfigurationList section */
		721AD5EB1C698E7B003768B7 /* Build configuration list for PBXProject "Roamer" */ = {
			isa = XCConfigurationList;
			buildConfigurations = (
				721AD6001C698E7B003768B7 /* Debug */,
				721AD6011C698E7B003768B7 /* Release */,
			);
			defaultConfigurationIsVisible = 0;
			defaultConfigurationName = Release;
		};
		721AD6021C698E7B003768B7 /* Build configuration list for PBXNativeTarget "Roamer" */ = {
			isa = XCConfigurationList;
			buildConfigurations = (
				721AD6031C698E7B003768B7 /* Debug */,
				721AD6041C698E7B003768B7 /* Release */,
			);
			defaultConfigurationIsVisible = 0;
			defaultConfigurationName = Release;
		};
/* End XCConfigurationList section */
	};
	rootObject = 721AD5E81C698E7B003768B7 /* Project object */;
}
